
Microsoft Visual Studio Solution File, Format Version 12.00
# Visual Studio 2013
VisualStudioVersion = 12.0.21005.1
MinimumVisualStudioVersion = 10.0.40219.1
Project("{FAE04EC0-301F-11D3-BF4B-00C04F79EFBC}") = "KSPe", "Source\KSPe\KSPe.csproj", "{1DCC1744-4EEF-49DF-961C-A73F3ADCC6C5}"
EndProject
Project("{FAE04EC0-301F-11D3-BF4B-00C04F79EFBC}") = "KSPAPIExtensions", "Source\KSPAPIExtensions\KSPAPIExtensions.csproj", "{4282B0DA-C314-4524-9C32-EDAB2C9666A9}"
EndProject
Project("{FAE04EC0-301F-11D3-BF4B-00C04F79EFBC}") = "KSPe.Light", "Source\KSPe.Light\KSPe.Light.csproj", "{61CAD292-88E3-4168-815E-2C1CCB3680F1}"
EndProject
Project("{2150E333-8FDC-42A3-9474-1A3956D46DE8}") = "KSP.UI", "KSP.UI", "{7CE1E911-B7B5-4124-9396-E275EEC616A9}"
EndProject
Project("{2150E333-8FDC-42A3-9474-1A3956D46DE8}") = "KSP", "KSP", "{CD552773-6F75-415E-9947-9034B8574AAB}"
EndProject
Project("{FAE04EC0-301F-11D3-BF4B-00C04F79EFBC}") = "KSPe.UI.12", "Source\KSP.UI.12\KSPe.UI.12.csproj", "{210B4435-1D58-4714-A67F-2FC531C4BC16}"
EndProject
Project("{FAE04EC0-301F-11D3-BF4B-00C04F79EFBC}") = "KSPe.KSP.12", "Source\KSP.12\KSPe.KSP.12.csproj", "{27697BD6-F0F7-4F3C-BBA5-4DCACA9ED78A}"
EndProject
Project("{FAE04EC0-301F-11D3-BF4B-00C04F79EFBC}") = "KSPe.KSP.13", "Source\KSP.13\KSPe.KSP.13.csproj", "{4E0A9B36-96C0-4D19-AF2A-F82622BE6707}"
EndProject
Project("{FAE04EC0-301F-11D3-BF4B-00C04F79EFBC}") = "KSPe.KSP.14", "Source\KSP.14\KSPe.KSP.14.csproj", "{12D87EC4-5A28-4809-B71F-3FCB9A680478}"
EndProject
Project("{FAE04EC0-301F-11D3-BF4B-00C04F79EFBC}") = "KSPe.KSP.15", "Source\KSP.15\KSPe.KSP.15.csproj", "{6B4A8D48-D9A2-42E5-AF6C-2974C5497597}"
EndProject
Project("{FAE04EC0-301F-11D3-BF4B-00C04F79EFBC}") = "KSPe.KSP.16", "Source\KSP.16\KSPe.KSP.16.csproj", "{465313EA-1854-4DC1-A515-BECB6898B8E5}"
EndProject
Project("{FAE04EC0-301F-11D3-BF4B-00C04F79EFBC}") = "KSPe.KSP.17", "Source\KSP.17\KSPe.KSP.17.csproj", "{A3CB1DD8-6CE2-400A-BFAB-ADECB4043263}"
EndProject
Project("{FAE04EC0-301F-11D3-BF4B-00C04F79EFBC}") = "KSPe.KSP.18", "Source\KSP.18\KSPe.KSP.18.csproj", "{BD9BD799-EB6C-4D81-8C27-1EAB286123CD}"
EndProject
Project("{FAE04EC0-301F-11D3-BF4B-00C04F79EFBC}") = "KSPe.KSP.110", "Source\KSP.110\KSPe.KSP.110.csproj", "{47F86C6A-ED17-4DD8-84F3-3F16940FDFEB}"
EndProject
Project("{FAE04EC0-301F-11D3-BF4B-00C04F79EFBC}") = "KSPe.KSP.19", "Source\KSP.19\KSPe.KSP.19.csproj", "{1D822199-D765-446B-8380-802492612B4E}"
EndProject
Project("{FAE04EC0-301F-11D3-BF4B-00C04F79EFBC}") = "KSPe.KSP.11", "Source\KSP.11\KSPe.KSP.11.csproj", "{407961B7-0490-45EC-AFD8-07C147FD2C0A}"
EndProject
Project("{FAE04EC0-301F-11D3-BF4B-00C04F79EFBC}") = "KSPe.UI", "Source\KSPe.UI\KSPe.UI.csproj", "{93F4C3CA-722B-47C2-80D8-B5F7204E1EC8}"
EndProject
Project("{2150E333-8FDC-42A3-9474-1A3956D46DE8}") = "Unity", "Unity", "{1830D466-FDEF-4BFC-A535-873D55D9C326}"
EndProject
Project("{FAE04EC0-301F-11D3-BF4B-00C04F79EFBC}") = "Unity.5", "Source\Unity.5\Unity.5.csproj", "{A0D5F2FD-19FB-470E-8F88-D84E718E18DF}"
EndProject
Project("{FAE04EC0-301F-11D3-BF4B-00C04F79EFBC}") = "Unity.2017", "Source\Unity.2017\Unity.2017.csproj", "{0287C4CE-69A5-49B8-9C11-C5C7A36E4086}"
EndProject
Project("{FAE04EC0-301F-11D3-BF4B-00C04F79EFBC}") = "Unity.2019", "Source\Unity.2019\Unity.2019.csproj", "{AF70E3F1-3E4B-45EF-9CF1-E08ED86C7C76}"
EndProject
Project("{FAE04EC0-301F-11D3-BF4B-00C04F79EFBC}") = "CSharpEmulator", "Source\CSharpEmulator\CSharpEmulator.csproj", "{C62322BD-85FF-4E67-A525-524C69EF36DC}"
EndProject
Project("{FAE04EC0-301F-11D3-BF4B-00C04F79EFBC}") = "KSPe.KSP.111", "Source\KSP.111\KSPe.KSP.111.csproj", "{C4BC3A86-8B89-4831-93AF-9BBF68BE7E2C}"
EndProject
Project("{FAE04EC0-301F-11D3-BF4B-00C04F79EFBC}") = "KSPe.UI.14", "Source\KSP.UI.14\KSPe.UI.14.csproj", "{A69FCA2E-4F60-42AA-8A99-B2558DBE9FE5}"
EndProject
Project("{FAE04EC0-301F-11D3-BF4B-00C04F79EFBC}") = "Tests", "Source\Tests\Tests.csproj", "{6AD0ED57-6AA6-459C-B287-C263DFF5B3FA}"
EndProject
Project("{9344BDBB-3E7F-41FC-A0DD-8665D75EE146}") = "TestsKSP", "Source\Testing\TestsKSP.csproj", "{ABCA3F35-5F06-42F6-8B72-623CE38F4FB1}"
EndProject
Project("{9344BDBB-3E7F-41FC-A0DD-8665D75EE146}") = "KSPe.HMI", "Source\KSPe.HMI\KSPe.HMI.csproj", "{5BFE5670-423A-4A4D-855C-E0BEA2648082}"
EndProject
Global
	GlobalSection(SolutionConfigurationPlatforms) = preSolution
		Debug|Any CPU = Debug|Any CPU
		Release|Any CPU = Release|Any CPU
	EndGlobalSection
	GlobalSection(ProjectConfigurationPlatforms) = postSolution
		{61CAD292-88E3-4168-815E-2C1CCB3680F1}.Debug|Any CPU.ActiveCfg = Debug|Any CPU
		{61CAD292-88E3-4168-815E-2C1CCB3680F1}.Debug|Any CPU.Build.0 = Debug|Any CPU
		{61CAD292-88E3-4168-815E-2C1CCB3680F1}.Release|Any CPU.ActiveCfg = Release|Any CPU
		{61CAD292-88E3-4168-815E-2C1CCB3680F1}.Release|Any CPU.Build.0 = Release|Any CPU
		{1DCC1744-4EEF-49DF-961C-A73F3ADCC6C5}.Debug|Any CPU.ActiveCfg = Debug|Any CPU
		{1DCC1744-4EEF-49DF-961C-A73F3ADCC6C5}.Release|Any CPU.ActiveCfg = Release|Any CPU
		{4282B0DA-C314-4524-9C32-EDAB2C9666A9}.Debug|Any CPU.ActiveCfg = Debug|Any CPU
		{4282B0DA-C314-4524-9C32-EDAB2C9666A9}.Release|Any CPU.ActiveCfg = Release|Any CPU
		{210B4435-1D58-4714-A67F-2FC531C4BC16}.Debug|Any CPU.ActiveCfg = Debug|Any CPU
		{210B4435-1D58-4714-A67F-2FC531C4BC16}.Release|Any CPU.ActiveCfg = Release|Any CPU
		{27697BD6-F0F7-4F3C-BBA5-4DCACA9ED78A}.Debug|Any CPU.ActiveCfg = Debug|Any CPU
		{27697BD6-F0F7-4F3C-BBA5-4DCACA9ED78A}.Release|Any CPU.ActiveCfg = Release|Any CPU
		{4E0A9B36-96C0-4D19-AF2A-F82622BE6707}.Debug|Any CPU.ActiveCfg = Debug|Any CPU
		{4E0A9B36-96C0-4D19-AF2A-F82622BE6707}.Release|Any CPU.ActiveCfg = Release|Any CPU
		{12D87EC4-5A28-4809-B71F-3FCB9A680478}.Debug|Any CPU.ActiveCfg = Debug|Any CPU
		{12D87EC4-5A28-4809-B71F-3FCB9A680478}.Release|Any CPU.ActiveCfg = Release|Any CPU
		{6B4A8D48-D9A2-42E5-AF6C-2974C5497597}.Debug|Any CPU.ActiveCfg = Debug|Any CPU
		{6B4A8D48-D9A2-42E5-AF6C-2974C5497597}.Release|Any CPU.ActiveCfg = Release|Any CPU
		{465313EA-1854-4DC1-A515-BECB6898B8E5}.Debug|Any CPU.ActiveCfg = Debug|Any CPU
		{465313EA-1854-4DC1-A515-BECB6898B8E5}.Release|Any CPU.ActiveCfg = Release|Any CPU
		{A3CB1DD8-6CE2-400A-BFAB-ADECB4043263}.Debug|Any CPU.ActiveCfg = Debug|Any CPU
		{A3CB1DD8-6CE2-400A-BFAB-ADECB4043263}.Release|Any CPU.ActiveCfg = Release|Any CPU
		{BD9BD799-EB6C-4D81-8C27-1EAB286123CD}.Debug|Any CPU.ActiveCfg = Debug|Any CPU
		{BD9BD799-EB6C-4D81-8C27-1EAB286123CD}.Release|Any CPU.ActiveCfg = Release|Any CPU
		{47F86C6A-ED17-4DD8-84F3-3F16940FDFEB}.Debug|Any CPU.ActiveCfg = Debug|Any CPU
		{47F86C6A-ED17-4DD8-84F3-3F16940FDFEB}.Release|Any CPU.ActiveCfg = Release|Any CPU
		{1D822199-D765-446B-8380-802492612B4E}.Debug|Any CPU.ActiveCfg = Debug|Any CPU
		{1D822199-D765-446B-8380-802492612B4E}.Release|Any CPU.ActiveCfg = Release|Any CPU
		{407961B7-0490-45EC-AFD8-07C147FD2C0A}.Debug|Any CPU.ActiveCfg = Debug|Any CPU
		{407961B7-0490-45EC-AFD8-07C147FD2C0A}.Release|Any CPU.ActiveCfg = Release|Any CPU
		{93F4C3CA-722B-47C2-80D8-B5F7204E1EC8}.Debug|Any CPU.ActiveCfg = Debug|Any CPU
		{93F4C3CA-722B-47C2-80D8-B5F7204E1EC8}.Release|Any CPU.ActiveCfg = Release|Any CPU
		{A0D5F2FD-19FB-470E-8F88-D84E718E18DF}.Debug|Any CPU.ActiveCfg = Debug|Any CPU
		{A0D5F2FD-19FB-470E-8F88-D84E718E18DF}.Release|Any CPU.ActiveCfg = Release|Any CPU
		{0287C4CE-69A5-49B8-9C11-C5C7A36E4086}.Debug|Any CPU.ActiveCfg = Debug|Any CPU
		{0287C4CE-69A5-49B8-9C11-C5C7A36E4086}.Release|Any CPU.ActiveCfg = Release|Any CPU
		{AF70E3F1-3E4B-45EF-9CF1-E08ED86C7C76}.Debug|Any CPU.ActiveCfg = Debug|Any CPU
		{AF70E3F1-3E4B-45EF-9CF1-E08ED86C7C76}.Release|Any CPU.ActiveCfg = Release|Any CPU
		{C62322BD-85FF-4E67-A525-524C69EF36DC}.Debug|Any CPU.ActiveCfg = Debug|Any CPU
		{C62322BD-85FF-4E67-A525-524C69EF36DC}.Release|Any CPU.ActiveCfg = Release|Any CPU
		{C4BC3A86-8B89-4831-93AF-9BBF68BE7E2C}.Debug|Any CPU.ActiveCfg = Debug|Any CPU
		{C4BC3A86-8B89-4831-93AF-9BBF68BE7E2C}.Release|Any CPU.ActiveCfg = Release|Any CPU
		{A69FCA2E-4F60-42AA-8A99-B2558DBE9FE5}.Debug|Any CPU.ActiveCfg = Debug|Any CPU
		{A69FCA2E-4F60-42AA-8A99-B2558DBE9FE5}.Release|Any CPU.ActiveCfg = Release|Any CPU
		{6AD0ED57-6AA6-459C-B287-C263DFF5B3FA}.Debug|Any CPU.ActiveCfg = Debug|Any CPU
		{6AD0ED57-6AA6-459C-B287-C263DFF5B3FA}.Debug|Any CPU.Build.0 = Debug|Any CPU
		{ABCA3F35-5F06-42F6-8B72-623CE38F4FB1}.Debug|Any CPU.ActiveCfg = Debug|Any CPU
		{ABCA3F35-5F06-42F6-8B72-623CE38F4FB1}.Debug|Any CPU.Build.0 = Debug|Any CPU
		{ABCA3F35-5F06-42F6-8B72-623CE38F4FB1}.Release|Any CPU.ActiveCfg = Release|Any CPU
		{5BFE5670-423A-4A4D-855C-E0BEA2648082}.Debug|Any CPU.ActiveCfg = Debug|Any CPU
		{5BFE5670-423A-4A4D-855C-E0BEA2648082}.Debug|Any CPU.Build.0 = Debug|Any CPU
		{5BFE5670-423A-4A4D-855C-E0BEA2648082}.Release|Any CPU.ActiveCfg = Release|Any CPU
		{5BFE5670-423A-4A4D-855C-E0BEA2648082}.Release|Any CPU.Build.0 = Release|Any CPU
	EndGlobalSection
	GlobalSection(SolutionProperties) = preSolution
		HideSolutionNode = FALSE
	EndGlobalSection
	GlobalSection(MonoDevelopProperties) = preSolution
		Policies = $0
		$0.TextStylePolicy = $1
		$1.FileWidth = 132
		$1.EolMarker = Unix
		$1.scope = text/plain
		$0.DotNetNamingPolicy = $2
		$2.DirectoryNamespaceAssociation = PrefixedHierarchical
		$0.StandardHeader = $3
		$3.Text = @/*\n\tThis file is part of KSPe, a component for KSP API Extensions/L\n\t(C) 2018-20 Lisias T : http://lisias.net <support@lisias.net>\n\n\tKSPe API Extensions/L is double licensed, as follows:\n\n\t* SKL 1.0 : https://ksp.lisias.net/SKL-1_0.txt\n\t* GPL 2.0 : https://www.gnu.org/licenses/gpl-2.0.txt\n\n\tAnd you are allowed to choose the License that better suit your needs.\n\n\tKSPe API Extensions/L is distributed in the hope that it will be useful,\n\tbut WITHOUT ANY WARRANTY; without even the implied warranty of\n\tMERCHANTABILITY or FITNESS FOR A PARTICULAR PURPOSE.\n\n\tYou should have received a copy of the SKL Standard License 1.0\n\talong with KSPe API Extensions/L. If not, see <https://ksp.lisias.net/SKL-1_0.txt>.\n\n\tYou should have received a copy of the GNU General Public License 2.0\n\talong with KSPe API Extensions/L. If not, see <https://www.gnu.org/licenses/>.\n\n*/
		$0.VersionControlPolicy = $4
	EndGlobalSection
	GlobalSection(NestedProjects) = preSolution
		{210B4435-1D58-4714-A67F-2FC531C4BC16} = {7CE1E911-B7B5-4124-9396-E275EEC616A9}
		{27697BD6-F0F7-4F3C-BBA5-4DCACA9ED78A} = {CD552773-6F75-415E-9947-9034B8574AAB}
		{4E0A9B36-96C0-4D19-AF2A-F82622BE6707} = {CD552773-6F75-415E-9947-9034B8574AAB}
		{12D87EC4-5A28-4809-B71F-3FCB9A680478} = {CD552773-6F75-415E-9947-9034B8574AAB}
		{6B4A8D48-D9A2-42E5-AF6C-2974C5497597} = {CD552773-6F75-415E-9947-9034B8574AAB}
		{465313EA-1854-4DC1-A515-BECB6898B8E5} = {CD552773-6F75-415E-9947-9034B8574AAB}
		{A3CB1DD8-6CE2-400A-BFAB-ADECB4043263} = {CD552773-6F75-415E-9947-9034B8574AAB}
		{BD9BD799-EB6C-4D81-8C27-1EAB286123CD} = {CD552773-6F75-415E-9947-9034B8574AAB}
		{47F86C6A-ED17-4DD8-84F3-3F16940FDFEB} = {CD552773-6F75-415E-9947-9034B8574AAB}
		{1D822199-D765-446B-8380-802492612B4E} = {CD552773-6F75-415E-9947-9034B8574AAB}
		{407961B7-0490-45EC-AFD8-07C147FD2C0A} = {CD552773-6F75-415E-9947-9034B8574AAB}
		{A0D5F2FD-19FB-470E-8F88-D84E718E18DF} = {1830D466-FDEF-4BFC-A535-873D55D9C326}
		{0287C4CE-69A5-49B8-9C11-C5C7A36E4086} = {1830D466-FDEF-4BFC-A535-873D55D9C326}
		{AF70E3F1-3E4B-45EF-9CF1-E08ED86C7C76} = {1830D466-FDEF-4BFC-A535-873D55D9C326}
		{C4BC3A86-8B89-4831-93AF-9BBF68BE7E2C} = {CD552773-6F75-415E-9947-9034B8574AAB}
		{A69FCA2E-4F60-42AA-8A99-B2558DBE9FE5} = {7CE1E911-B7B5-4124-9396-E275EEC616A9}
	EndGlobalSection
EndGlobal
