
Microsoft Visual Studio Solution File, Format Version 12.00
# Visual Studio 2013
VisualStudioVersion = 12.0.21005.1
MinimumVisualStudioVersion = 10.0.40219.1
Project("{FAE04EC0-301F-11D3-BF4B-00C04F79EFBC}") = "KSPAPIExtensions", "Source\KSPAPIExtensions\KSPAPIExtensions.csproj", "{4282B0DA-C314-4524-9C32-EDAB2C9666A9}"
EndProject
Project("{FAE04EC0-301F-11D3-BF4B-00C04F79EFBC}") = "KSPe", "Source\KSPe\KSPe.csproj", "{1DCC1744-4EEF-49DF-961C-A73F3ADCC6C5}"
EndProject
Project("{FAE04EC0-301F-11D3-BF4B-00C04F79EFBC}") = "Tests", "Source\Tests\Tests.csproj", "{6AD0ED57-6AA6-459C-B287-C263DFF5B3FA}"
EndProject
Project("{FAE04EC0-301F-11D3-BF4B-00C04F79EFBC}") = "KSPe.UI", "Source\KSPe.UI\KSPe.UI.csproj", "{93F4C3CA-722B-47C2-80D8-B5F7204E1EC8}"
EndProject
Project("{FAE04EC0-301F-11D3-BF4B-00C04F79EFBC}") = "Testing", "Source\Testing\Testing.csproj", "{19A93A39-6C1C-42F9-8AF8-C1B96C558065}"
EndProject
Project("{FAE04EC0-301F-11D3-BF4B-00C04F79EFBC}") = "KSPe.Light", "Source\KSPe.Light\KSPe.Light.csproj", "{61CAD292-88E3-4168-815E-2C1CCB3680F1}"
EndProject
Global
	GlobalSection(SolutionConfigurationPlatforms) = preSolution
		Debug|Any CPU = Debug|Any CPU
		Release|Any CPU = Release|Any CPU
	EndGlobalSection
	GlobalSection(ProjectConfigurationPlatforms) = postSolution
		{4282B0DA-C314-4524-9C32-EDAB2C9666A9}.Debug|Any CPU.ActiveCfg = Debug|Any CPU
		{4282B0DA-C314-4524-9C32-EDAB2C9666A9}.Debug|Any CPU.Build.0 = Debug|Any CPU
		{4282B0DA-C314-4524-9C32-EDAB2C9666A9}.Release|Any CPU.ActiveCfg = Release|Any CPU
		{4282B0DA-C314-4524-9C32-EDAB2C9666A9}.Release|Any CPU.Build.0 = Release|Any CPU
		{1DCC1744-4EEF-49DF-961C-A73F3ADCC6C5}.Debug|Any CPU.ActiveCfg = Debug|Any CPU
		{1DCC1744-4EEF-49DF-961C-A73F3ADCC6C5}.Debug|Any CPU.Build.0 = Debug|Any CPU
		{1DCC1744-4EEF-49DF-961C-A73F3ADCC6C5}.Release|Any CPU.ActiveCfg = Release|Any CPU
		{1DCC1744-4EEF-49DF-961C-A73F3ADCC6C5}.Release|Any CPU.Build.0 = Release|Any CPU
		{6AD0ED57-6AA6-459C-B287-C263DFF5B3FA}.Debug|Any CPU.ActiveCfg = Debug|Any CPU
		{6AD0ED57-6AA6-459C-B287-C263DFF5B3FA}.Debug|Any CPU.Build.0 = Debug|Any CPU
		{6AD0ED57-6AA6-459C-B287-C263DFF5B3FA}.Release|Any CPU.ActiveCfg = Release|Any CPU
		{6AD0ED57-6AA6-459C-B287-C263DFF5B3FA}.Release|Any CPU.Build.0 = Release|Any CPU
		{93F4C3CA-722B-47C2-80D8-B5F7204E1EC8}.Debug|Any CPU.ActiveCfg = Debug|Any CPU
		{93F4C3CA-722B-47C2-80D8-B5F7204E1EC8}.Debug|Any CPU.Build.0 = Debug|Any CPU
		{93F4C3CA-722B-47C2-80D8-B5F7204E1EC8}.Release|Any CPU.ActiveCfg = Release|Any CPU
		{93F4C3CA-722B-47C2-80D8-B5F7204E1EC8}.Release|Any CPU.Build.0 = Release|Any CPU
		{19A93A39-6C1C-42F9-8AF8-C1B96C558065}.Debug|Any CPU.ActiveCfg = Debug|Any CPU
		{19A93A39-6C1C-42F9-8AF8-C1B96C558065}.Debug|Any CPU.Build.0 = Debug|Any CPU
		{19A93A39-6C1C-42F9-8AF8-C1B96C558065}.Release|Any CPU.ActiveCfg = Release|Any CPU
		{19A93A39-6C1C-42F9-8AF8-C1B96C558065}.Release|Any CPU.Build.0 = Release|Any CPU
		{61CAD292-88E3-4168-815E-2C1CCB3680F1}.Debug|Any CPU.ActiveCfg = Debug|Any CPU
		{61CAD292-88E3-4168-815E-2C1CCB3680F1}.Debug|Any CPU.Build.0 = Debug|Any CPU
		{61CAD292-88E3-4168-815E-2C1CCB3680F1}.Release|Any CPU.ActiveCfg = Release|Any CPU
		{61CAD292-88E3-4168-815E-2C1CCB3680F1}.Release|Any CPU.Build.0 = Release|Any CPU
	EndGlobalSection
	GlobalSection(SolutionProperties) = preSolution
		HideSolutionNode = FALSE
	EndGlobalSection
	GlobalSection(MonoDevelopProperties) = preSolution
		Policies = $0
		$0.TextStylePolicy = $1
		$1.FileWidth = 132
		$1.EolMarker = Unix
		$1.scope = text/plain
	EndGlobalSection
EndGlobal
